// !$*UTF8*$!
{
	archiveVersion = 1;
	classes = {
	};
	objectVersion = 46;
	objects = {

/* Begin PBXBuildFile section */
		2C17789A1CE0AA7C00BB8AD0 /* Main.cpp in Sources */ = {isa = PBXBuildFile; fileRef = 2C1778991CE0AA7C00BB8AD0 /* Main.cpp */; };
		2C1778A31CE0B65500BB8AD0 /* icon.icns in Resources */ = {isa = PBXBuildFile; fileRef = 2C1778A21CE0B65500BB8AD0 /* icon.icns */; };
		2C34116722D8ACA4002ADA30 /* libogg.a in Frameworks */ = {isa = PBXBuildFile; fileRef = 2C34116622D8ACA4002ADA30 /* libogg.a */; };
		2C34116B22D8ACAF002ADA30 /* libvorbisenc.a in Frameworks */ = {isa = PBXBuildFile; fileRef = 2C34116822D8ACAF002ADA30 /* libvorbisenc.a */; };
		2C34116C22D8ACAF002ADA30 /* libvorbisfile.a in Frameworks */ = {isa = PBXBuildFile; fileRef = 2C34116922D8ACAF002ADA30 /* libvorbisfile.a */; };
		2C34116D22D8ACAF002ADA30 /* libvorbis.a in Frameworks */ = {isa = PBXBuildFile; fileRef = 2C34116A22D8ACAF002ADA30 /* libvorbis.a */; };
		2C6906B42298123A00A427D0 /* AudioToolbox.framework in Frameworks */ = {isa = PBXBuildFile; fileRef = 2C6906B32298123A00A427D0 /* AudioToolbox.framework */; };
		2C6906B62298124100A427D0 /* Foundation.framework in Frameworks */ = {isa = PBXBuildFile; fileRef = 2C6906B52298124100A427D0 /* Foundation.framework */; };
		2C6906B82298124A00A427D0 /* libSiv3D.a in Frameworks */ = {isa = PBXBuildFile; fileRef = 2C6906B72298124A00A427D0 /* libSiv3D.a */; };
		2C6906BA2298126400A427D0 /* libfreetype.a in Frameworks */ = {isa = PBXBuildFile; fileRef = 2C6906B92298126400A427D0 /* libfreetype.a */; };
		2C6906BE229812FB00A427D0 /* libboost_filesystem.a in Frameworks */ = {isa = PBXBuildFile; fileRef = 2C6906BD229812FB00A427D0 /* libboost_filesystem.a */; };
		2C6906C02298130000A427D0 /* libGLEW.a in Frameworks */ = {isa = PBXBuildFile; fileRef = 2C6906BF2298130000A427D0 /* libGLEW.a */; };
		2C6906C22298130400A427D0 /* libharfbuzz.a in Frameworks */ = {isa = PBXBuildFile; fileRef = 2C6906C12298130400A427D0 /* libharfbuzz.a */; };
		2C6906C42298130800A427D0 /* libturbojpeg.a in Frameworks */ = {isa = PBXBuildFile; fileRef = 2C6906C32298130800A427D0 /* libturbojpeg.a */; };
		2C6906C62298130C00A427D0 /* libpng.a in Frameworks */ = {isa = PBXBuildFile; fileRef = 2C6906C52298130C00A427D0 /* libpng.a */; };
		2C6906C82298131100A427D0 /* libwebp.a in Frameworks */ = {isa = PBXBuildFile; fileRef = 2C6906C72298131100A427D0 /* libwebp.a */; };
		2C6906CF2298131500A427D0 /* libopencv_imgcodecs.a in Frameworks */ = {isa = PBXBuildFile; fileRef = 2C6906C92298131500A427D0 /* libopencv_imgcodecs.a */; };
		2C6906D02298131500A427D0 /* libopencv_photo.a in Frameworks */ = {isa = PBXBuildFile; fileRef = 2C6906CA2298131500A427D0 /* libopencv_photo.a */; };
		2C6906D12298131500A427D0 /* libopencv_videoio.a in Frameworks */ = {isa = PBXBuildFile; fileRef = 2C6906CB2298131500A427D0 /* libopencv_videoio.a */; };
		2C6906D22298131500A427D0 /* libopencv_objdetect.a in Frameworks */ = {isa = PBXBuildFile; fileRef = 2C6906CC2298131500A427D0 /* libopencv_objdetect.a */; };
		2C6906D32298131500A427D0 /* libopencv_core.a in Frameworks */ = {isa = PBXBuildFile; fileRef = 2C6906CD2298131500A427D0 /* libopencv_core.a */; };
		2C6906D42298131500A427D0 /* libopencv_imgproc.a in Frameworks */ = {isa = PBXBuildFile; fileRef = 2C6906CE2298131500A427D0 /* libopencv_imgproc.a */; };
		2C6906D62298131800A427D0 /* libz.a in Frameworks */ = {isa = PBXBuildFile; fileRef = 2C6906D52298131800A427D0 /* libz.a */; };
		2C6906D82298140F00A427D0 /* engine in Resources */ = {isa = PBXBuildFile; fileRef = 2C6906D72298140F00A427D0 /* engine */; };
		2C971A5B239732F900E66570 /* GameScene.cpp in Sources */ = {isa = PBXBuildFile; fileRef = 2C971A57239732F900E66570 /* GameScene.cpp */; };
		2C971A5C239732F900E66570 /* TitleScene.cpp in Sources */ = {isa = PBXBuildFile; fileRef = 2C971A5A239732F900E66570 /* TitleScene.cpp */; };
		2CE5C856237FDE3900082EEC /* AVFoundation.framework in Frameworks */ = {isa = PBXBuildFile; fileRef = 2CE5C855237FDE3900082EEC /* AVFoundation.framework */; };
		2CE5C858237FDE4600082EEC /* CoreAudio.framework in Frameworks */ = {isa = PBXBuildFile; fileRef = 2CE5C857237FDE4600082EEC /* CoreAudio.framework */; };
		2CE5C85A237FDE5100082EEC /* CoreMedia.framework in Frameworks */ = {isa = PBXBuildFile; fileRef = 2CE5C859237FDE5100082EEC /* CoreMedia.framework */; };
		2CE5C85B237FDE6000082EEC /* OpenAL.framework in Frameworks */ = {isa = PBXBuildFile; fileRef = 2C6906B12298123200A427D0 /* OpenAL.framework */; };
		2CEACB67233A61C900C6EE98 /* libgif.a in Frameworks */ = {isa = PBXBuildFile; fileRef = 2CEACB65233A61C900C6EE98 /* libgif.a */; };
		2CEACB68233A61C900C6EE98 /* libutil.a in Frameworks */ = {isa = PBXBuildFile; fileRef = 2CEACB66233A61C900C6EE98 /* libutil.a */; };
		7265F0672531DC0F00C15F67 /* Singleton.cpp in Sources */ = {isa = PBXBuildFile; fileRef = 7265F0652531DC0F00C15F67 /* Singleton.cpp */; };
		7265F06F2531DC1D00C15F67 /* ExecutiveManager.cpp in Sources */ = {isa = PBXBuildFile; fileRef = 7265F0692531DC1D00C15F67 /* ExecutiveManager.cpp */; };
		7265F0702531DC1D00C15F67 /* ApplicationManager.cpp in Sources */ = {isa = PBXBuildFile; fileRef = 7265F06A2531DC1D00C15F67 /* ApplicationManager.cpp */; };
		7265F0712531DC1D00C15F67 /* AssetManager.cpp in Sources */ = {isa = PBXBuildFile; fileRef = 7265F06D2531DC1D00C15F67 /* AssetManager.cpp */; };
		7265F0752531E1BF00C15F67 /* SequenceManager.cpp in Sources */ = {isa = PBXBuildFile; fileRef = 7265F0732531E1BF00C15F67 /* SequenceManager.cpp */; };
		7265F07C2531FD6500C15F67 /* DomainGameData.cpp in Sources */ = {isa = PBXBuildFile; fileRef = 7265F07A2531FD6500C15F67 /* DomainGameData.cpp */; };
		7265F08325320FB000C15F67 /* MainExecutiveManager.cpp in Sources */ = {isa = PBXBuildFile; fileRef = 7265F08125320FB000C15F67 /* MainExecutiveManager.cpp */; };
		7265F08A2533586E00C15F67 /* KouzanMouhituFontOTF.otf in Resources */ = {isa = PBXBuildFile; fileRef = 7265F0882533586E00C15F67 /* KouzanMouhituFontOTF.otf */; };
		7265F08B2533586E00C15F67 /* azuki.ttf in Resources */ = {isa = PBXBuildFile; fileRef = 7265F0892533586E00C15F67 /* azuki.ttf */; };
		7265F0DD2533605000C15F67 /* Aburi.png in Resources */ = {isa = PBXBuildFile; fileRef = 7265F08F2533605000C15F67 /* Aburi.png */; };
		7265F0DE2533605000C15F67 /* Kiri.png in Resources */ = {isa = PBXBuildFile; fileRef = 7265F0902533605000C15F67 /* Kiri.png */; };
		7265F0DF2533605000C15F67 /* Hoshi.png in Resources */ = {isa = PBXBuildFile; fileRef = 7265F0912533605000C15F67 /* Hoshi.png */; };
		7265F0E02533605000C15F67 /* Arashi.png in Resources */ = {isa = PBXBuildFile; fileRef = 7265F0922533605000C15F67 /* Arashi.png */; };
		7265F0E12533605000C15F67 /* Katamari.png in Resources */ = {isa = PBXBuildFile; fileRef = 7265F0932533605000C15F67 /* Katamari.png */; };
		7265F0E22533605000C15F67 /* Tsume.png in Resources */ = {isa = PBXBuildFile; fileRef = 7265F0942533605000C15F67 /* Tsume.png */; };
		7265F0E32533605000C15F67 /* Hikari.png in Resources */ = {isa = PBXBuildFile; fileRef = 7265F0952533605000C15F67 /* Hikari.png */; };
		7265F0E42533605000C15F67 /* Tagane.png in Resources */ = {isa = PBXBuildFile; fileRef = 7265F0962533605000C15F67 /* Tagane.png */; };
		7265F0E52533605000C15F67 /* Toki.png in Resources */ = {isa = PBXBuildFile; fileRef = 7265F0972533605000C15F67 /* Toki.png */; };
		7265F0E62533605000C15F67 /* Kaminari.png in Resources */ = {isa = PBXBuildFile; fileRef = 7265F0982533605000C15F67 /* Kaminari.png */; };
		7265F0E72533605000C15F67 /* Komainu.png in Resources */ = {isa = PBXBuildFile; fileRef = 7265F0992533605000C15F67 /* Komainu.png */; };
		7265F0E82533605000C15F67 /* Uchiwamome.png in Resources */ = {isa = PBXBuildFile; fileRef = 7265F09A2533605000C15F67 /* Uchiwamome.png */; };
		7265F0E92533605000C15F67 /* Kobushi.png in Resources */ = {isa = PBXBuildFile; fileRef = 7265F09B2533605000C15F67 /* Kobushi.png */; };
		7265F0EA2533605000C15F67 /* Kurui.png in Resources */ = {isa = PBXBuildFile; fileRef = 7265F09C2533605000C15F67 /* Kurui.png */; };
		7265F0EB2533605000C15F67 /* Tama.png in Resources */ = {isa = PBXBuildFile; fileRef = 7265F09D2533605000C15F67 /* Tama.png */; };
		7265F0EC2533605000C15F67 /* Noroi.png in Resources */ = {isa = PBXBuildFile; fileRef = 7265F09E2533605000C15F67 /* Noroi.png */; };
		7265F0ED2533605000C15F67 /* Background.png in Resources */ = {isa = PBXBuildFile; fileRef = 7265F0A02533605000C15F67 /* Background.png */; };
		7265F0EE2533605000C15F67 /* NoPlayer.png in Resources */ = {isa = PBXBuildFile; fileRef = 7265F0A12533605000C15F67 /* NoPlayer.png */; };
		7265F0EF2533605000C15F67 /* cursor.png in Resources */ = {isa = PBXBuildFile; fileRef = 7265F0A32533605000C15F67 /* cursor.png */; };
		7265F0F02533605000C15F67 /* Haiboku.png in Resources */ = {isa = PBXBuildFile; fileRef = 7265F0A42533605000C15F67 /* Haiboku.png */; };
		7265F0F12533605000C15F67 /* Thumbnail_Shade.png in Resources */ = {isa = PBXBuildFile; fileRef = 7265F0A52533605000C15F67 /* Thumbnail_Shade.png */; };
		7265F0F22533605000C15F67 /* Chars.png in Resources */ = {isa = PBXBuildFile; fileRef = 7265F0A62533605000C15F67 /* Chars.png */; };
		7265F0F32533605000C15F67 /* Holder_1.png in Resources */ = {isa = PBXBuildFile; fileRef = 7265F0A72533605000C15F67 /* Holder_1.png */; };
		7265F0F42533605000C15F67 /* IndexBase0.png in Resources */ = {isa = PBXBuildFile; fileRef = 7265F0A82533605000C15F67 /* IndexBase0.png */; };
		7265F0F52533605000C15F67 /* IndexBase1.png in Resources */ = {isa = PBXBuildFile; fileRef = 7265F0A92533605000C15F67 /* IndexBase1.png */; };
		7265F0F62533605000C15F67 /* Holder_0.png in Resources */ = {isa = PBXBuildFile; fileRef = 7265F0AA2533605000C15F67 /* Holder_0.png */; };
		7265F0F72533605000C15F67 /* Holder_2.png in Resources */ = {isa = PBXBuildFile; fileRef = 7265F0AB2533605000C15F67 /* Holder_2.png */; };
		7265F0F82533605000C15F67 /* IndexBase3.png in Resources */ = {isa = PBXBuildFile; fileRef = 7265F0AC2533605000C15F67 /* IndexBase3.png */; };
		7265F0F92533605000C15F67 /* IndexBase2.png in Resources */ = {isa = PBXBuildFile; fileRef = 7265F0AD2533605000C15F67 /* IndexBase2.png */; };
		7265F0FA2533605000C15F67 /* Holder_3.png in Resources */ = {isa = PBXBuildFile; fileRef = 7265F0AE2533605000C15F67 /* Holder_3.png */; };
		7265F0FB2533605000C15F67 /* PushToJoin.png in Resources */ = {isa = PBXBuildFile; fileRef = 7265F0AF2533605000C15F67 /* PushToJoin.png */; };
		7265F0FC2533605000C15F67 /* HP_0.png in Resources */ = {isa = PBXBuildFile; fileRef = 7265F0B02533605000C15F67 /* HP_0.png */; };
		7265F0FD2533605000C15F67 /* Index3.png in Resources */ = {isa = PBXBuildFile; fileRef = 7265F0B12533605000C15F67 /* Index3.png */; };
		7265F0FE2533605000C15F67 /* Index2.png in Resources */ = {isa = PBXBuildFile; fileRef = 7265F0B22533605000C15F67 /* Index2.png */; };
		7265F0FF2533605000C15F67 /* HP_1.png in Resources */ = {isa = PBXBuildFile; fileRef = 7265F0B32533605000C15F67 /* HP_1.png */; };
		7265F1002533605000C15F67 /* HP_3.png in Resources */ = {isa = PBXBuildFile; fileRef = 7265F0B42533605000C15F67 /* HP_3.png */; };
		7265F1012533605000C15F67 /* Index0.png in Resources */ = {isa = PBXBuildFile; fileRef = 7265F0B52533605000C15F67 /* Index0.png */; };
		7265F1022533605000C15F67 /* Index1.png in Resources */ = {isa = PBXBuildFile; fileRef = 7265F0B62533605000C15F67 /* Index1.png */; };
		7265F1032533605000C15F67 /* HP_2.png in Resources */ = {isa = PBXBuildFile; fileRef = 7265F0B72533605000C15F67 /* HP_2.png */; };
		7265F1042533605000C15F67 /* radical_3.png in Resources */ = {isa = PBXBuildFile; fileRef = 7265F0B82533605000C15F67 /* radical_3.png */; };
		7265F1052533605000C15F67 /* radical_2.png in Resources */ = {isa = PBXBuildFile; fileRef = 7265F0B92533605000C15F67 /* radical_2.png */; };
		7265F1062533605000C15F67 /* radical_0.png in Resources */ = {isa = PBXBuildFile; fileRef = 7265F0BA2533605000C15F67 /* radical_0.png */; };
		7265F1072533605000C15F67 /* radical_1.png in Resources */ = {isa = PBXBuildFile; fileRef = 7265F0BB2533605000C15F67 /* radical_1.png */; };
		7265F1082533605000C15F67 /* Ray.png in Resources */ = {isa = PBXBuildFile; fileRef = 7265F0BD2533605000C15F67 /* Ray.png */; };
		7265F1092533605000C15F67 /* Message.png in Resources */ = {isa = PBXBuildFile; fileRef = 7265F0BE2533605000C15F67 /* Message.png */; };
		7265F10A2533605000C15F67 /* Manual6.png in Resources */ = {isa = PBXBuildFile; fileRef = 7265F0C02533605000C15F67 /* Manual6.png */; };
		7265F10B2533605000C15F67 /* Manual4.png in Resources */ = {isa = PBXBuildFile; fileRef = 7265F0C12533605000C15F67 /* Manual4.png */; };
		7265F10C2533605000C15F67 /* Manual5.png in Resources */ = {isa = PBXBuildFile; fileRef = 7265F0C22533605000C15F67 /* Manual5.png */; };
		7265F10D2533605000C15F67 /* Manual1.png in Resources */ = {isa = PBXBuildFile; fileRef = 7265F0C32533605000C15F67 /* Manual1.png */; };
		7265F10E2533605000C15F67 /* Manual2.png in Resources */ = {isa = PBXBuildFile; fileRef = 7265F0C42533605000C15F67 /* Manual2.png */; };
		7265F10F2533605000C15F67 /* Manual3.png in Resources */ = {isa = PBXBuildFile; fileRef = 7265F0C52533605000C15F67 /* Manual3.png */; };
		7265F1102533605000C15F67 /* Logo.png in Resources */ = {isa = PBXBuildFile; fileRef = 7265F0C62533605000C15F67 /* Logo.png */; };
		7265F1112533605000C15F67 /* Bg.png in Resources */ = {isa = PBXBuildFile; fileRef = 7265F0C72533605000C15F67 /* Bg.png */; };
		7265F1122533605000C15F67 /* Embargo.png in Resources */ = {isa = PBXBuildFile; fileRef = 7265F0C92533605000C15F67 /* Embargo.png */; };
		7265F1132533605000C15F67 /* LR_Reverse.png in Resources */ = {isa = PBXBuildFile; fileRef = 7265F0CA2533605000C15F67 /* LR_Reverse.png */; };
		7265F1142533605000C15F67 /* Paralysis.png in Resources */ = {isa = PBXBuildFile; fileRef = 7265F0CB2533605000C15F67 /* Paralysis.png */; };
		7265F1152533605000C15F67 /* Back_Button_Pushed.png in Resources */ = {isa = PBXBuildFile; fileRef = 7265F0CD2533605000C15F67 /* Back_Button_Pushed.png */; };
		7265F1162533605000C15F67 /* Controller.png in Resources */ = {isa = PBXBuildFile; fileRef = 7265F0CE2533605000C15F67 /* Controller.png */; };
		7265F1172533605000C15F67 /* Brush.png in Resources */ = {isa = PBXBuildFile; fileRef = 7265F0CF2533605000C15F67 /* Brush.png */; };
		7265F1182533605000C15F67 /* PushCircle.png in Resources */ = {isa = PBXBuildFile; fileRef = 7265F0D02533605000C15F67 /* PushCircle.png */; };
		7265F1192533605000C15F67 /* Allow_1.png in Resources */ = {isa = PBXBuildFile; fileRef = 7265F0D12533605000C15F67 /* Allow_1.png */; };
		7265F11A2533605000C15F67 /* Allow_0.png in Resources */ = {isa = PBXBuildFile; fileRef = 7265F0D22533605000C15F67 /* Allow_0.png */; };
		7265F11B2533605000C15F67 /* Allow_2.png in Resources */ = {isa = PBXBuildFile; fileRef = 7265F0D32533605000C15F67 /* Allow_2.png */; };
		7265F11C2533605000C15F67 /* Allow_3.png in Resources */ = {isa = PBXBuildFile; fileRef = 7265F0D42533605000C15F67 /* Allow_3.png */; };
		7265F11D2533605000C15F67 /* Back_Button.png in Resources */ = {isa = PBXBuildFile; fileRef = 7265F0D52533605000C15F67 /* Back_Button.png */; };
		7265F11E2533605000C15F67 /* Block_Scroll.png in Resources */ = {isa = PBXBuildFile; fileRef = 7265F0D72533605000C15F67 /* Block_Scroll.png */; };
		7265F11F2533605000C15F67 /* ExerciseBook.png in Resources */ = {isa = PBXBuildFile; fileRef = 7265F0D82533605000C15F67 /* ExerciseBook.png */; };
		7265F1202533605000C15F67 /* Black_Board.png in Resources */ = {isa = PBXBuildFile; fileRef = 7265F0D92533605000C15F67 /* Black_Board.png */; };
		7265F1212533605000C15F67 /* Block_BlackBoard.png in Resources */ = {isa = PBXBuildFile; fileRef = 7265F0DA2533605000C15F67 /* Block_BlackBoard.png */; };
		7265F1222533605000C15F67 /* Makimono.png in Resources */ = {isa = PBXBuildFile; fileRef = 7265F0DB2533605000C15F67 /* Makimono.png */; };
		7265F1232533605000C15F67 /* Block_ExerciseBook.png in Resources */ = {isa = PBXBuildFile; fileRef = 7265F0DC2533605000C15F67 /* Block_ExerciseBook.png */; };
		72859F6D25388CA100EB0AAD /* UIComponent.cpp in Sources */ = {isa = PBXBuildFile; fileRef = 72859F6B25388CA100EB0AAD /* UIComponent.cpp */; };
/* End PBXBuildFile section */

/* Begin PBXFileReference section */
		2C1778841CE0A9EA00BB8AD0 /* KANJI.app */ = {isa = PBXFileReference; explicitFileType = wrapper.application; includeInIndex = 0; path = KANJI.app; sourceTree = BUILT_PRODUCTS_DIR; };
		2C1778921CE0A9EA00BB8AD0 /* Info.plist */ = {isa = PBXFileReference; lastKnownFileType = text.plist.xml; path = Info.plist; sourceTree = "<group>"; };
		2C1778991CE0AA7C00BB8AD0 /* Main.cpp */ = {isa = PBXFileReference; fileEncoding = 4; lastKnownFileType = sourcecode.cpp.cpp; path = Main.cpp; sourceTree = "<group>"; };
		2C1778A21CE0B65500BB8AD0 /* icon.icns */ = {isa = PBXFileReference; lastKnownFileType = image.icns; path = icon.icns; sourceTree = "<group>"; };
		2C34116622D8ACA4002ADA30 /* libogg.a */ = {isa = PBXFileReference; lastKnownFileType = archive.ar; name = libogg.a; path = ../../lib/macOS/libogg/libogg.a; sourceTree = "<group>"; };
		2C34116822D8ACAF002ADA30 /* libvorbisenc.a */ = {isa = PBXFileReference; lastKnownFileType = archive.ar; name = libvorbisenc.a; path = ../../lib/macOS/libvorbis/libvorbisenc.a; sourceTree = "<group>"; };
		2C34116922D8ACAF002ADA30 /* libvorbisfile.a */ = {isa = PBXFileReference; lastKnownFileType = archive.ar; name = libvorbisfile.a; path = ../../lib/macOS/libvorbis/libvorbisfile.a; sourceTree = "<group>"; };
		2C34116A22D8ACAF002ADA30 /* libvorbis.a */ = {isa = PBXFileReference; lastKnownFileType = archive.ar; name = libvorbis.a; path = ../../lib/macOS/libvorbis/libvorbis.a; sourceTree = "<group>"; };
		2C6906B12298123200A427D0 /* OpenAL.framework */ = {isa = PBXFileReference; lastKnownFileType = wrapper.framework; name = OpenAL.framework; path = System/Library/Frameworks/OpenAL.framework; sourceTree = SDKROOT; };
		2C6906B32298123A00A427D0 /* AudioToolbox.framework */ = {isa = PBXFileReference; lastKnownFileType = wrapper.framework; name = AudioToolbox.framework; path = System/Library/Frameworks/AudioToolbox.framework; sourceTree = SDKROOT; };
		2C6906B52298124100A427D0 /* Foundation.framework */ = {isa = PBXFileReference; lastKnownFileType = wrapper.framework; name = Foundation.framework; path = System/Library/Frameworks/Foundation.framework; sourceTree = SDKROOT; };
		2C6906B72298124A00A427D0 /* libSiv3D.a */ = {isa = PBXFileReference; lastKnownFileType = archive.ar; name = libSiv3D.a; path = ../../lib/macOS/libSiv3D.a; sourceTree = "<group>"; };
		2C6906B92298126400A427D0 /* libfreetype.a */ = {isa = PBXFileReference; lastKnownFileType = archive.ar; name = libfreetype.a; path = ../../lib/macOS/freetype/libfreetype.a; sourceTree = "<group>"; };
		2C6906BB229812F800A427D0 /* libangelscript.a */ = {isa = PBXFileReference; lastKnownFileType = archive.ar; name = libangelscript.a; path = ../../lib/macOS/angelscript/libangelscript.a; sourceTree = "<group>"; };
		2C6906BD229812FB00A427D0 /* libboost_filesystem.a */ = {isa = PBXFileReference; lastKnownFileType = archive.ar; name = libboost_filesystem.a; path = ../../lib/macOS/boost/libboost_filesystem.a; sourceTree = "<group>"; };
		2C6906BF2298130000A427D0 /* libGLEW.a */ = {isa = PBXFileReference; lastKnownFileType = archive.ar; name = libGLEW.a; path = ../../lib/macOS/glew/libGLEW.a; sourceTree = "<group>"; };
		2C6906C12298130400A427D0 /* libharfbuzz.a */ = {isa = PBXFileReference; lastKnownFileType = archive.ar; name = libharfbuzz.a; path = ../../lib/macOS/harfbuzz/libharfbuzz.a; sourceTree = "<group>"; };
		2C6906C32298130800A427D0 /* libturbojpeg.a */ = {isa = PBXFileReference; lastKnownFileType = archive.ar; name = libturbojpeg.a; path = "../../lib/macOS/libjpeg-turbo/libturbojpeg.a"; sourceTree = "<group>"; };
		2C6906C52298130C00A427D0 /* libpng.a */ = {isa = PBXFileReference; lastKnownFileType = archive.ar; name = libpng.a; path = ../../lib/macOS/libpng/libpng.a; sourceTree = "<group>"; };
		2C6906C72298131100A427D0 /* libwebp.a */ = {isa = PBXFileReference; lastKnownFileType = archive.ar; name = libwebp.a; path = ../../lib/macOS/libwebp/libwebp.a; sourceTree = "<group>"; };
		2C6906C92298131500A427D0 /* libopencv_imgcodecs.a */ = {isa = PBXFileReference; lastKnownFileType = archive.ar; name = libopencv_imgcodecs.a; path = ../../lib/macOS/opencv/libopencv_imgcodecs.a; sourceTree = "<group>"; };
		2C6906CA2298131500A427D0 /* libopencv_photo.a */ = {isa = PBXFileReference; lastKnownFileType = archive.ar; name = libopencv_photo.a; path = ../../lib/macOS/opencv/libopencv_photo.a; sourceTree = "<group>"; };
		2C6906CB2298131500A427D0 /* libopencv_videoio.a */ = {isa = PBXFileReference; lastKnownFileType = archive.ar; name = libopencv_videoio.a; path = ../../lib/macOS/opencv/libopencv_videoio.a; sourceTree = "<group>"; };
		2C6906CC2298131500A427D0 /* libopencv_objdetect.a */ = {isa = PBXFileReference; lastKnownFileType = archive.ar; name = libopencv_objdetect.a; path = ../../lib/macOS/opencv/libopencv_objdetect.a; sourceTree = "<group>"; };
		2C6906CD2298131500A427D0 /* libopencv_core.a */ = {isa = PBXFileReference; lastKnownFileType = archive.ar; name = libopencv_core.a; path = ../../lib/macOS/opencv/libopencv_core.a; sourceTree = "<group>"; };
		2C6906CE2298131500A427D0 /* libopencv_imgproc.a */ = {isa = PBXFileReference; lastKnownFileType = archive.ar; name = libopencv_imgproc.a; path = ../../lib/macOS/opencv/libopencv_imgproc.a; sourceTree = "<group>"; };
		2C6906D52298131800A427D0 /* libz.a */ = {isa = PBXFileReference; lastKnownFileType = archive.ar; name = libz.a; path = ../../lib/macOS/zlib/libz.a; sourceTree = "<group>"; };
		2C6906D72298140F00A427D0 /* engine */ = {isa = PBXFileReference; lastKnownFileType = folder; name = engine; path = App/engine; sourceTree = "<group>"; };
		2C971A56239732F900E66570 /* TitleScene.hpp */ = {isa = PBXFileReference; fileEncoding = 4; lastKnownFileType = sourcecode.cpp.h; path = TitleScene.hpp; sourceTree = "<group>"; };
		2C971A57239732F900E66570 /* GameScene.cpp */ = {isa = PBXFileReference; fileEncoding = 4; lastKnownFileType = sourcecode.cpp.cpp; path = GameScene.cpp; sourceTree = "<group>"; };
		2C971A58239732F900E66570 /* SceneStates.hpp */ = {isa = PBXFileReference; fileEncoding = 4; lastKnownFileType = sourcecode.cpp.h; path = SceneStates.hpp; sourceTree = "<group>"; };
		2C971A59239732F900E66570 /* GameScene.hpp */ = {isa = PBXFileReference; fileEncoding = 4; lastKnownFileType = sourcecode.cpp.h; path = GameScene.hpp; sourceTree = "<group>"; };
		2C971A5A239732F900E66570 /* TitleScene.cpp */ = {isa = PBXFileReference; fileEncoding = 4; lastKnownFileType = sourcecode.cpp.cpp; path = TitleScene.cpp; sourceTree = "<group>"; };
		2CE5C855237FDE3900082EEC /* AVFoundation.framework */ = {isa = PBXFileReference; lastKnownFileType = wrapper.framework; name = AVFoundation.framework; path = System/Library/Frameworks/AVFoundation.framework; sourceTree = SDKROOT; };
		2CE5C857237FDE4600082EEC /* CoreAudio.framework */ = {isa = PBXFileReference; lastKnownFileType = wrapper.framework; name = CoreAudio.framework; path = System/Library/Frameworks/CoreAudio.framework; sourceTree = SDKROOT; };
		2CE5C859237FDE5100082EEC /* CoreMedia.framework */ = {isa = PBXFileReference; lastKnownFileType = wrapper.framework; name = CoreMedia.framework; path = System/Library/Frameworks/CoreMedia.framework; sourceTree = SDKROOT; };
		2CEACB65233A61C900C6EE98 /* libgif.a */ = {isa = PBXFileReference; lastKnownFileType = archive.ar; name = libgif.a; path = ../../lib/macOS/libgif/libgif.a; sourceTree = "<group>"; };
		2CEACB66233A61C900C6EE98 /* libutil.a */ = {isa = PBXFileReference; lastKnownFileType = archive.ar; name = libutil.a; path = ../../lib/macOS/libgif/libutil.a; sourceTree = "<group>"; };
		7265F0652531DC0F00C15F67 /* Singleton.cpp */ = {isa = PBXFileReference; fileEncoding = 4; lastKnownFileType = sourcecode.cpp.cpp; path = Singleton.cpp; sourceTree = "<group>"; };
		7265F0662531DC0F00C15F67 /* Singleton.hpp */ = {isa = PBXFileReference; fileEncoding = 4; lastKnownFileType = sourcecode.cpp.h; path = Singleton.hpp; sourceTree = "<group>"; };
		7265F0692531DC1D00C15F67 /* ExecutiveManager.cpp */ = {isa = PBXFileReference; fileEncoding = 4; lastKnownFileType = sourcecode.cpp.cpp; path = ExecutiveManager.cpp; sourceTree = "<group>"; };
		7265F06A2531DC1D00C15F67 /* ApplicationManager.cpp */ = {isa = PBXFileReference; fileEncoding = 4; lastKnownFileType = sourcecode.cpp.cpp; path = ApplicationManager.cpp; sourceTree = "<group>"; };
		7265F06B2531DC1D00C15F67 /* ApplicationManager.hpp */ = {isa = PBXFileReference; fileEncoding = 4; lastKnownFileType = sourcecode.cpp.h; path = ApplicationManager.hpp; sourceTree = "<group>"; };
		7265F06C2531DC1D00C15F67 /* AssetManager.hpp */ = {isa = PBXFileReference; fileEncoding = 4; lastKnownFileType = sourcecode.cpp.h; path = AssetManager.hpp; sourceTree = "<group>"; };
		7265F06D2531DC1D00C15F67 /* AssetManager.cpp */ = {isa = PBXFileReference; fileEncoding = 4; lastKnownFileType = sourcecode.cpp.cpp; path = AssetManager.cpp; sourceTree = "<group>"; };
		7265F06E2531DC1D00C15F67 /* ExecutiveManager.hpp */ = {isa = PBXFileReference; fileEncoding = 4; lastKnownFileType = sourcecode.cpp.h; path = ExecutiveManager.hpp; sourceTree = "<group>"; };
		7265F0732531E1BF00C15F67 /* SequenceManager.cpp */ = {isa = PBXFileReference; lastKnownFileType = sourcecode.cpp.cpp; path = SequenceManager.cpp; sourceTree = "<group>"; };
		7265F0742531E1BF00C15F67 /* SequenceManager.hpp */ = {isa = PBXFileReference; lastKnownFileType = sourcecode.cpp.h; path = SequenceManager.hpp; sourceTree = "<group>"; };
		7265F0772531E5DD00C15F67 /* Scenes.hpp */ = {isa = PBXFileReference; lastKnownFileType = sourcecode.cpp.h; path = Scenes.hpp; sourceTree = "<group>"; };
		7265F07A2531FD6500C15F67 /* DomainGameData.cpp */ = {isa = PBXFileReference; lastKnownFileType = sourcecode.cpp.cpp; path = DomainGameData.cpp; sourceTree = "<group>"; };
		7265F07B2531FD6500C15F67 /* DomainGameData.hpp */ = {isa = PBXFileReference; lastKnownFileType = sourcecode.cpp.h; path = DomainGameData.hpp; sourceTree = "<group>"; };
		7265F08125320FB000C15F67 /* MainExecutiveManager.cpp */ = {isa = PBXFileReference; lastKnownFileType = sourcecode.cpp.cpp; path = MainExecutiveManager.cpp; sourceTree = "<group>"; };
		7265F08225320FB000C15F67 /* MainExecutiveManager.hpp */ = {isa = PBXFileReference; lastKnownFileType = sourcecode.cpp.h; path = MainExecutiveManager.hpp; sourceTree = "<group>"; };
		7265F0882533586E00C15F67 /* KouzanMouhituFontOTF.otf */ = {isa = PBXFileReference; lastKnownFileType = file; path = KouzanMouhituFontOTF.otf; sourceTree = "<group>"; };
		7265F0892533586E00C15F67 /* azuki.ttf */ = {isa = PBXFileReference; lastKnownFileType = file; path = azuki.ttf; sourceTree = "<group>"; };
		7265F08F2533605000C15F67 /* Aburi.png */ = {isa = PBXFileReference; lastKnownFileType = image.png; path = Aburi.png; sourceTree = "<group>"; };
		7265F0902533605000C15F67 /* Kiri.png */ = {isa = PBXFileReference; lastKnownFileType = image.png; path = Kiri.png; sourceTree = "<group>"; };
		7265F0912533605000C15F67 /* Hoshi.png */ = {isa = PBXFileReference; lastKnownFileType = image.png; path = Hoshi.png; sourceTree = "<group>"; };
		7265F0922533605000C15F67 /* Arashi.png */ = {isa = PBXFileReference; lastKnownFileType = image.png; path = Arashi.png; sourceTree = "<group>"; };
		7265F0932533605000C15F67 /* Katamari.png */ = {isa = PBXFileReference; lastKnownFileType = image.png; path = Katamari.png; sourceTree = "<group>"; };
		7265F0942533605000C15F67 /* Tsume.png */ = {isa = PBXFileReference; lastKnownFileType = image.png; path = Tsume.png; sourceTree = "<group>"; };
		7265F0952533605000C15F67 /* Hikari.png */ = {isa = PBXFileReference; lastKnownFileType = image.png; path = Hikari.png; sourceTree = "<group>"; };
		7265F0962533605000C15F67 /* Tagane.png */ = {isa = PBXFileReference; lastKnownFileType = image.png; path = Tagane.png; sourceTree = "<group>"; };
		7265F0972533605000C15F67 /* Toki.png */ = {isa = PBXFileReference; lastKnownFileType = image.png; path = Toki.png; sourceTree = "<group>"; };
		7265F0982533605000C15F67 /* Kaminari.png */ = {isa = PBXFileReference; lastKnownFileType = image.png; path = Kaminari.png; sourceTree = "<group>"; };
		7265F0992533605000C15F67 /* Komainu.png */ = {isa = PBXFileReference; lastKnownFileType = image.png; path = Komainu.png; sourceTree = "<group>"; };
		7265F09A2533605000C15F67 /* Uchiwamome.png */ = {isa = PBXFileReference; lastKnownFileType = image.png; path = Uchiwamome.png; sourceTree = "<group>"; };
		7265F09B2533605000C15F67 /* Kobushi.png */ = {isa = PBXFileReference; lastKnownFileType = image.png; path = Kobushi.png; sourceTree = "<group>"; };
		7265F09C2533605000C15F67 /* Kurui.png */ = {isa = PBXFileReference; lastKnownFileType = image.png; path = Kurui.png; sourceTree = "<group>"; };
		7265F09D2533605000C15F67 /* Tama.png */ = {isa = PBXFileReference; lastKnownFileType = image.png; path = Tama.png; sourceTree = "<group>"; };
		7265F09E2533605000C15F67 /* Noroi.png */ = {isa = PBXFileReference; lastKnownFileType = image.png; path = Noroi.png; sourceTree = "<group>"; };
		7265F0A02533605000C15F67 /* Background.png */ = {isa = PBXFileReference; lastKnownFileType = image.png; path = Background.png; sourceTree = "<group>"; };
		7265F0A12533605000C15F67 /* NoPlayer.png */ = {isa = PBXFileReference; lastKnownFileType = image.png; path = NoPlayer.png; sourceTree = "<group>"; };
		7265F0A32533605000C15F67 /* cursor.png */ = {isa = PBXFileReference; lastKnownFileType = image.png; path = cursor.png; sourceTree = "<group>"; };
		7265F0A42533605000C15F67 /* Haiboku.png */ = {isa = PBXFileReference; lastKnownFileType = image.png; path = Haiboku.png; sourceTree = "<group>"; };
		7265F0A52533605000C15F67 /* Thumbnail_Shade.png */ = {isa = PBXFileReference; lastKnownFileType = image.png; path = Thumbnail_Shade.png; sourceTree = "<group>"; };
		7265F0A62533605000C15F67 /* Chars.png */ = {isa = PBXFileReference; lastKnownFileType = image.png; path = Chars.png; sourceTree = "<group>"; };
		7265F0A72533605000C15F67 /* Holder_1.png */ = {isa = PBXFileReference; lastKnownFileType = image.png; path = Holder_1.png; sourceTree = "<group>"; };
		7265F0A82533605000C15F67 /* IndexBase0.png */ = {isa = PBXFileReference; lastKnownFileType = image.png; path = IndexBase0.png; sourceTree = "<group>"; };
		7265F0A92533605000C15F67 /* IndexBase1.png */ = {isa = PBXFileReference; lastKnownFileType = image.png; path = IndexBase1.png; sourceTree = "<group>"; };
		7265F0AA2533605000C15F67 /* Holder_0.png */ = {isa = PBXFileReference; lastKnownFileType = image.png; path = Holder_0.png; sourceTree = "<group>"; };
		7265F0AB2533605000C15F67 /* Holder_2.png */ = {isa = PBXFileReference; lastKnownFileType = image.png; path = Holder_2.png; sourceTree = "<group>"; };
		7265F0AC2533605000C15F67 /* IndexBase3.png */ = {isa = PBXFileReference; lastKnownFileType = image.png; path = IndexBase3.png; sourceTree = "<group>"; };
		7265F0AD2533605000C15F67 /* IndexBase2.png */ = {isa = PBXFileReference; lastKnownFileType = image.png; path = IndexBase2.png; sourceTree = "<group>"; };
		7265F0AE2533605000C15F67 /* Holder_3.png */ = {isa = PBXFileReference; lastKnownFileType = image.png; path = Holder_3.png; sourceTree = "<group>"; };
		7265F0AF2533605000C15F67 /* PushToJoin.png */ = {isa = PBXFileReference; lastKnownFileType = image.png; path = PushToJoin.png; sourceTree = "<group>"; };
		7265F0B02533605000C15F67 /* HP_0.png */ = {isa = PBXFileReference; lastKnownFileType = image.png; path = HP_0.png; sourceTree = "<group>"; };
		7265F0B12533605000C15F67 /* Index3.png */ = {isa = PBXFileReference; lastKnownFileType = image.png; path = Index3.png; sourceTree = "<group>"; };
		7265F0B22533605000C15F67 /* Index2.png */ = {isa = PBXFileReference; lastKnownFileType = image.png; path = Index2.png; sourceTree = "<group>"; };
		7265F0B32533605000C15F67 /* HP_1.png */ = {isa = PBXFileReference; lastKnownFileType = image.png; path = HP_1.png; sourceTree = "<group>"; };
		7265F0B42533605000C15F67 /* HP_3.png */ = {isa = PBXFileReference; lastKnownFileType = image.png; path = HP_3.png; sourceTree = "<group>"; };
		7265F0B52533605000C15F67 /* Index0.png */ = {isa = PBXFileReference; lastKnownFileType = image.png; path = Index0.png; sourceTree = "<group>"; };
		7265F0B62533605000C15F67 /* Index1.png */ = {isa = PBXFileReference; lastKnownFileType = image.png; path = Index1.png; sourceTree = "<group>"; };
		7265F0B72533605000C15F67 /* HP_2.png */ = {isa = PBXFileReference; lastKnownFileType = image.png; path = HP_2.png; sourceTree = "<group>"; };
		7265F0B82533605000C15F67 /* radical_3.png */ = {isa = PBXFileReference; lastKnownFileType = image.png; path = radical_3.png; sourceTree = "<group>"; };
		7265F0B92533605000C15F67 /* radical_2.png */ = {isa = PBXFileReference; lastKnownFileType = image.png; path = radical_2.png; sourceTree = "<group>"; };
		7265F0BA2533605000C15F67 /* radical_0.png */ = {isa = PBXFileReference; lastKnownFileType = image.png; path = radical_0.png; sourceTree = "<group>"; };
		7265F0BB2533605000C15F67 /* radical_1.png */ = {isa = PBXFileReference; lastKnownFileType = image.png; path = radical_1.png; sourceTree = "<group>"; };
		7265F0BD2533605000C15F67 /* Ray.png */ = {isa = PBXFileReference; lastKnownFileType = image.png; path = Ray.png; sourceTree = "<group>"; };
		7265F0BE2533605000C15F67 /* Message.png */ = {isa = PBXFileReference; lastKnownFileType = image.png; path = Message.png; sourceTree = "<group>"; };
		7265F0C02533605000C15F67 /* Manual6.png */ = {isa = PBXFileReference; lastKnownFileType = image.png; path = Manual6.png; sourceTree = "<group>"; };
		7265F0C12533605000C15F67 /* Manual4.png */ = {isa = PBXFileReference; lastKnownFileType = image.png; path = Manual4.png; sourceTree = "<group>"; };
		7265F0C22533605000C15F67 /* Manual5.png */ = {isa = PBXFileReference; lastKnownFileType = image.png; path = Manual5.png; sourceTree = "<group>"; };
		7265F0C32533605000C15F67 /* Manual1.png */ = {isa = PBXFileReference; lastKnownFileType = image.png; path = Manual1.png; sourceTree = "<group>"; };
		7265F0C42533605000C15F67 /* Manual2.png */ = {isa = PBXFileReference; lastKnownFileType = image.png; path = Manual2.png; sourceTree = "<group>"; };
		7265F0C52533605000C15F67 /* Manual3.png */ = {isa = PBXFileReference; lastKnownFileType = image.png; path = Manual3.png; sourceTree = "<group>"; };
		7265F0C62533605000C15F67 /* Logo.png */ = {isa = PBXFileReference; lastKnownFileType = image.png; path = Logo.png; sourceTree = "<group>"; };
		7265F0C72533605000C15F67 /* Bg.png */ = {isa = PBXFileReference; lastKnownFileType = image.png; path = Bg.png; sourceTree = "<group>"; };
		7265F0C92533605000C15F67 /* Embargo.png */ = {isa = PBXFileReference; lastKnownFileType = image.png; path = Embargo.png; sourceTree = "<group>"; };
		7265F0CA2533605000C15F67 /* LR_Reverse.png */ = {isa = PBXFileReference; lastKnownFileType = image.png; path = LR_Reverse.png; sourceTree = "<group>"; };
		7265F0CB2533605000C15F67 /* Paralysis.png */ = {isa = PBXFileReference; lastKnownFileType = image.png; path = Paralysis.png; sourceTree = "<group>"; };
		7265F0CD2533605000C15F67 /* Back_Button_Pushed.png */ = {isa = PBXFileReference; lastKnownFileType = image.png; path = Back_Button_Pushed.png; sourceTree = "<group>"; };
		7265F0CE2533605000C15F67 /* Controller.png */ = {isa = PBXFileReference; lastKnownFileType = image.png; path = Controller.png; sourceTree = "<group>"; };
		7265F0CF2533605000C15F67 /* Brush.png */ = {isa = PBXFileReference; lastKnownFileType = image.png; path = Brush.png; sourceTree = "<group>"; };
		7265F0D02533605000C15F67 /* PushCircle.png */ = {isa = PBXFileReference; lastKnownFileType = image.png; path = PushCircle.png; sourceTree = "<group>"; };
		7265F0D12533605000C15F67 /* Allow_1.png */ = {isa = PBXFileReference; lastKnownFileType = image.png; path = Allow_1.png; sourceTree = "<group>"; };
		7265F0D22533605000C15F67 /* Allow_0.png */ = {isa = PBXFileReference; lastKnownFileType = image.png; path = Allow_0.png; sourceTree = "<group>"; };
		7265F0D32533605000C15F67 /* Allow_2.png */ = {isa = PBXFileReference; lastKnownFileType = image.png; path = Allow_2.png; sourceTree = "<group>"; };
		7265F0D42533605000C15F67 /* Allow_3.png */ = {isa = PBXFileReference; lastKnownFileType = image.png; path = Allow_3.png; sourceTree = "<group>"; };
		7265F0D52533605000C15F67 /* Back_Button.png */ = {isa = PBXFileReference; lastKnownFileType = image.png; path = Back_Button.png; sourceTree = "<group>"; };
		7265F0D72533605000C15F67 /* Block_Scroll.png */ = {isa = PBXFileReference; lastKnownFileType = image.png; path = Block_Scroll.png; sourceTree = "<group>"; };
		7265F0D82533605000C15F67 /* ExerciseBook.png */ = {isa = PBXFileReference; lastKnownFileType = image.png; path = ExerciseBook.png; sourceTree = "<group>"; };
		7265F0D92533605000C15F67 /* Black_Board.png */ = {isa = PBXFileReference; lastKnownFileType = image.png; path = Black_Board.png; sourceTree = "<group>"; };
		7265F0DA2533605000C15F67 /* Block_BlackBoard.png */ = {isa = PBXFileReference; lastKnownFileType = image.png; path = Block_BlackBoard.png; sourceTree = "<group>"; };
		7265F0DB2533605000C15F67 /* Makimono.png */ = {isa = PBXFileReference; lastKnownFileType = image.png; path = Makimono.png; sourceTree = "<group>"; };
		7265F0DC2533605000C15F67 /* Block_ExerciseBook.png */ = {isa = PBXFileReference; lastKnownFileType = image.png; path = Block_ExerciseBook.png; sourceTree = "<group>"; };
		72859F6B25388CA100EB0AAD /* UIComponent.cpp */ = {isa = PBXFileReference; lastKnownFileType = sourcecode.cpp.cpp; path = UIComponent.cpp; sourceTree = "<group>"; };
		72859F6C25388CA100EB0AAD /* UIComponent.hpp */ = {isa = PBXFileReference; lastKnownFileType = sourcecode.cpp.h; path = UIComponent.hpp; sourceTree = "<group>"; };
/* End PBXFileReference section */

/* Begin PBXFrameworksBuildPhase section */
		2C1778811CE0A9EA00BB8AD0 /* Frameworks */ = {
			isa = PBXFrameworksBuildPhase;
			buildActionMask = 2147483647;
			files = (
				2CE5C858237FDE4600082EEC /* CoreAudio.framework in Frameworks */,
				2C6906B42298123A00A427D0 /* AudioToolbox.framework in Frameworks */,
				2C6906B62298124100A427D0 /* Foundation.framework in Frameworks */,
				2C6906B82298124A00A427D0 /* libSiv3D.a in Frameworks */,
				2C6906BE229812FB00A427D0 /* libboost_filesystem.a in Frameworks */,
				2C6906BA2298126400A427D0 /* libfreetype.a in Frameworks */,
				2CE5C85B237FDE6000082EEC /* OpenAL.framework in Frameworks */,
				2CEACB67233A61C900C6EE98 /* libgif.a in Frameworks */,
				2C6906C02298130000A427D0 /* libGLEW.a in Frameworks */,
				2C6906C22298130400A427D0 /* libharfbuzz.a in Frameworks */,
				2C6906C42298130800A427D0 /* libturbojpeg.a in Frameworks */,
				2C34116722D8ACA4002ADA30 /* libogg.a in Frameworks */,
				2CE5C856237FDE3900082EEC /* AVFoundation.framework in Frameworks */,
				2C6906C62298130C00A427D0 /* libpng.a in Frameworks */,
				2C34116D22D8ACAF002ADA30 /* libvorbis.a in Frameworks */,
				2C34116B22D8ACAF002ADA30 /* libvorbisenc.a in Frameworks */,
				2C34116C22D8ACAF002ADA30 /* libvorbisfile.a in Frameworks */,
				2C6906C82298131100A427D0 /* libwebp.a in Frameworks */,
				2C6906CF2298131500A427D0 /* libopencv_imgcodecs.a in Frameworks */,
				2CE5C85A237FDE5100082EEC /* CoreMedia.framework in Frameworks */,
				2C6906D02298131500A427D0 /* libopencv_photo.a in Frameworks */,
				2C6906D12298131500A427D0 /* libopencv_videoio.a in Frameworks */,
				2C6906D22298131500A427D0 /* libopencv_objdetect.a in Frameworks */,
				2C6906D32298131500A427D0 /* libopencv_core.a in Frameworks */,
				2C6906D42298131500A427D0 /* libopencv_imgproc.a in Frameworks */,
				2CEACB68233A61C900C6EE98 /* libutil.a in Frameworks */,
				2C6906D62298131800A427D0 /* libz.a in Frameworks */,
			);
			runOnlyForDeploymentPostprocessing = 0;
		};
/* End PBXFrameworksBuildPhase section */

/* Begin PBXGroup section */
		2C1778791CE0A9D800BB8AD0 = {
			isa = PBXGroup;
			children = (
				7265F04B25319EAC00C15F67 /* asset */,
				7265F03E253195B800C15F67 /* dx */,
				2C6906D72298140F00A427D0 /* engine */,
				2C1778921CE0A9EA00BB8AD0 /* Info.plist */,
				2C1778A21CE0B65500BB8AD0 /* icon.icns */,
				2C1778981CE0AA7C00BB8AD0 /* src */,
				2C1778851CE0A9EA00BB8AD0 /* Products */,
				2CC7F9861F45930A0071A239 /* Frameworks */,
			);
			sourceTree = "<group>";
		};
		2C1778851CE0A9EA00BB8AD0 /* Products */ = {
			isa = PBXGroup;
			children = (
				2C1778841CE0A9EA00BB8AD0 /* KANJI.app */,
			);
			name = Products;
			sourceTree = "<group>";
		};
		2C1778981CE0AA7C00BB8AD0 /* src */ = {
			isa = PBXGroup;
			children = (
				72859F6825388A0000EB0AAD /* character */,
				7265F08025320F8700C15F67 /* application */,
				7265F04D2531A96400C15F67 /* scene */,
				2C1778991CE0AA7C00BB8AD0 /* Main.cpp */,
			);
			path = src;
			sourceTree = "<group>";
		};
		2CC7F9861F45930A0071A239 /* Frameworks */ = {
			isa = PBXGroup;
			children = (
				2CE5C859237FDE5100082EEC /* CoreMedia.framework */,
				2CE5C857237FDE4600082EEC /* CoreAudio.framework */,
				2CE5C855237FDE3900082EEC /* AVFoundation.framework */,
				2CEACB65233A61C900C6EE98 /* libgif.a */,
				2CEACB66233A61C900C6EE98 /* libutil.a */,
				2C34116A22D8ACAF002ADA30 /* libvorbis.a */,
				2C34116822D8ACAF002ADA30 /* libvorbisenc.a */,
				2C34116922D8ACAF002ADA30 /* libvorbisfile.a */,
				2C34116622D8ACA4002ADA30 /* libogg.a */,
				2C6906D52298131800A427D0 /* libz.a */,
				2C6906CD2298131500A427D0 /* libopencv_core.a */,
				2C6906C92298131500A427D0 /* libopencv_imgcodecs.a */,
				2C6906CE2298131500A427D0 /* libopencv_imgproc.a */,
				2C6906CC2298131500A427D0 /* libopencv_objdetect.a */,
				2C6906CA2298131500A427D0 /* libopencv_photo.a */,
				2C6906CB2298131500A427D0 /* libopencv_videoio.a */,
				2C6906C72298131100A427D0 /* libwebp.a */,
				2C6906C52298130C00A427D0 /* libpng.a */,
				2C6906C32298130800A427D0 /* libturbojpeg.a */,
				2C6906C12298130400A427D0 /* libharfbuzz.a */,
				2C6906BF2298130000A427D0 /* libGLEW.a */,
				2C6906BD229812FB00A427D0 /* libboost_filesystem.a */,
				2C6906BB229812F800A427D0 /* libangelscript.a */,
				2C6906B92298126400A427D0 /* libfreetype.a */,
				2C6906B72298124A00A427D0 /* libSiv3D.a */,
				2C6906B52298124100A427D0 /* Foundation.framework */,
				2C6906B32298123A00A427D0 /* AudioToolbox.framework */,
				2C6906B12298123200A427D0 /* OpenAL.framework */,
			);
			name = Frameworks;
			sourceTree = "<group>";
		};
		7265F03E253195B800C15F67 /* dx */ = {
			isa = PBXGroup;
			children = (
				72859F6A25388C1200EB0AAD /* ui */,
				7265F0592531ACDC00C15F67 /* component */,
				7265F04E2531A99100C15F67 /* application */,
			);
			path = dx;
			sourceTree = "<group>";
		};
		7265F04B25319EAC00C15F67 /* asset */ = {
			isa = PBXGroup;
			children = (
				7265F0872533586E00C15F67 /* font */,
				7265F08D2533605000C15F67 /* texture */,
			);
			path = asset;
			sourceTree = "<group>";
		};
		7265F04D2531A96400C15F67 /* scene */ = {
			isa = PBXGroup;
			children = (
				72859F6925388A3900EB0AAD /* main */,
				7265F0732531E1BF00C15F67 /* SequenceManager.cpp */,
				7265F0742531E1BF00C15F67 /* SequenceManager.hpp */,
				7265F0772531E5DD00C15F67 /* Scenes.hpp */,
				2C971A58239732F900E66570 /* SceneStates.hpp */,
				7265F07A2531FD6500C15F67 /* DomainGameData.cpp */,
				7265F07B2531FD6500C15F67 /* DomainGameData.hpp */,
			);
			path = scene;
			sourceTree = "<group>";
		};
		7265F04E2531A99100C15F67 /* application */ = {
			isa = PBXGroup;
			children = (
				7265F06A2531DC1D00C15F67 /* ApplicationManager.cpp */,
				7265F06B2531DC1D00C15F67 /* ApplicationManager.hpp */,
				7265F06D2531DC1D00C15F67 /* AssetManager.cpp */,
				7265F06C2531DC1D00C15F67 /* AssetManager.hpp */,
				7265F0692531DC1D00C15F67 /* ExecutiveManager.cpp */,
				7265F06E2531DC1D00C15F67 /* ExecutiveManager.hpp */,
			);
			path = application;
			sourceTree = "<group>";
		};
		7265F0592531ACDC00C15F67 /* component */ = {
			isa = PBXGroup;
			children = (
				7265F0652531DC0F00C15F67 /* Singleton.cpp */,
				7265F0662531DC0F00C15F67 /* Singleton.hpp */,
			);
			path = component;
			sourceTree = "<group>";
		};
		7265F08025320F8700C15F67 /* application */ = {
			isa = PBXGroup;
			children = (
				7265F08125320FB000C15F67 /* MainExecutiveManager.cpp */,
				7265F08225320FB000C15F67 /* MainExecutiveManager.hpp */,
			);
			path = application;
			sourceTree = "<group>";
		};
		7265F0872533586E00C15F67 /* font */ = {
			isa = PBXGroup;
			children = (
				7265F0882533586E00C15F67 /* KouzanMouhituFontOTF.otf */,
				7265F0892533586E00C15F67 /* azuki.ttf */,
			);
			path = font;
			sourceTree = "<group>";
		};
		7265F08D2533605000C15F67 /* texture */ = {
			isa = PBXGroup;
			children = (
				7265F0A22533605000C15F67 /* Char */,
				7265F0CC2533605000C15F67 /* Common */,
				7265F0C82533605000C15F67 /* Effect */,
				7265F0BC2533605000C15F67 /* Loading */,
				7265F08E2533605000C15F67 /* Move */,
				7265F09F2533605000C15F67 /* Result */,
				7265F0D62533605000C15F67 /* Stage */,
				7265F0BF2533605000C15F67 /* Title */,
			);
			path = texture;
			sourceTree = "<group>";
		};
		7265F08E2533605000C15F67 /* Move */ = {
			isa = PBXGroup;
			children = (
				7265F08F2533605000C15F67 /* Aburi.png */,
				7265F0902533605000C15F67 /* Kiri.png */,
				7265F0912533605000C15F67 /* Hoshi.png */,
				7265F0922533605000C15F67 /* Arashi.png */,
				7265F0932533605000C15F67 /* Katamari.png */,
				7265F0942533605000C15F67 /* Tsume.png */,
				7265F0952533605000C15F67 /* Hikari.png */,
				7265F0962533605000C15F67 /* Tagane.png */,
				7265F0972533605000C15F67 /* Toki.png */,
				7265F0982533605000C15F67 /* Kaminari.png */,
				7265F0992533605000C15F67 /* Komainu.png */,
				7265F09A2533605000C15F67 /* Uchiwamome.png */,
				7265F09B2533605000C15F67 /* Kobushi.png */,
				7265F09C2533605000C15F67 /* Kurui.png */,
				7265F09D2533605000C15F67 /* Tama.png */,
				7265F09E2533605000C15F67 /* Noroi.png */,
			);
			path = Move;
			sourceTree = "<group>";
		};
		7265F09F2533605000C15F67 /* Result */ = {
			isa = PBXGroup;
			children = (
				7265F0A02533605000C15F67 /* Background.png */,
				7265F0A12533605000C15F67 /* NoPlayer.png */,
			);
			path = Result;
			sourceTree = "<group>";
		};
		7265F0A22533605000C15F67 /* Char */ = {
			isa = PBXGroup;
			children = (
				7265F0A32533605000C15F67 /* cursor.png */,
				7265F0A42533605000C15F67 /* Haiboku.png */,
				7265F0A52533605000C15F67 /* Thumbnail_Shade.png */,
				7265F0A62533605000C15F67 /* Chars.png */,
				7265F0A72533605000C15F67 /* Holder_1.png */,
				7265F0A82533605000C15F67 /* IndexBase0.png */,
				7265F0A92533605000C15F67 /* IndexBase1.png */,
				7265F0AA2533605000C15F67 /* Holder_0.png */,
				7265F0AB2533605000C15F67 /* Holder_2.png */,
				7265F0AC2533605000C15F67 /* IndexBase3.png */,
				7265F0AD2533605000C15F67 /* IndexBase2.png */,
				7265F0AE2533605000C15F67 /* Holder_3.png */,
				7265F0AF2533605000C15F67 /* PushToJoin.png */,
				7265F0B02533605000C15F67 /* HP_0.png */,
				7265F0B12533605000C15F67 /* Index3.png */,
				7265F0B22533605000C15F67 /* Index2.png */,
				7265F0B32533605000C15F67 /* HP_1.png */,
				7265F0B42533605000C15F67 /* HP_3.png */,
				7265F0B52533605000C15F67 /* Index0.png */,
				7265F0B62533605000C15F67 /* Index1.png */,
				7265F0B72533605000C15F67 /* HP_2.png */,
				7265F0B82533605000C15F67 /* radical_3.png */,
				7265F0B92533605000C15F67 /* radical_2.png */,
				7265F0BA2533605000C15F67 /* radical_0.png */,
				7265F0BB2533605000C15F67 /* radical_1.png */,
			);
			path = Char;
			sourceTree = "<group>";
		};
		7265F0BC2533605000C15F67 /* Loading */ = {
			isa = PBXGroup;
			children = (
				7265F0BD2533605000C15F67 /* Ray.png */,
				7265F0BE2533605000C15F67 /* Message.png */,
			);
			path = Loading;
			sourceTree = "<group>";
		};
		7265F0BF2533605000C15F67 /* Title */ = {
			isa = PBXGroup;
			children = (
				7265F0C02533605000C15F67 /* Manual6.png */,
				7265F0C12533605000C15F67 /* Manual4.png */,
				7265F0C22533605000C15F67 /* Manual5.png */,
				7265F0C32533605000C15F67 /* Manual1.png */,
				7265F0C42533605000C15F67 /* Manual2.png */,
				7265F0C52533605000C15F67 /* Manual3.png */,
				7265F0C62533605000C15F67 /* Logo.png */,
				7265F0C72533605000C15F67 /* Bg.png */,
			);
			path = Title;
			sourceTree = "<group>";
		};
		7265F0C82533605000C15F67 /* Effect */ = {
			isa = PBXGroup;
			children = (
				7265F0C92533605000C15F67 /* Embargo.png */,
				7265F0CA2533605000C15F67 /* LR_Reverse.png */,
				7265F0CB2533605000C15F67 /* Paralysis.png */,
			);
			path = Effect;
			sourceTree = "<group>";
		};
		7265F0CC2533605000C15F67 /* Common */ = {
			isa = PBXGroup;
			children = (
				7265F0CD2533605000C15F67 /* Back_Button_Pushed.png */,
				7265F0CE2533605000C15F67 /* Controller.png */,
				7265F0CF2533605000C15F67 /* Brush.png */,
				7265F0D02533605000C15F67 /* PushCircle.png */,
				7265F0D12533605000C15F67 /* Allow_1.png */,
				7265F0D22533605000C15F67 /* Allow_0.png */,
				7265F0D32533605000C15F67 /* Allow_2.png */,
				7265F0D42533605000C15F67 /* Allow_3.png */,
				7265F0D52533605000C15F67 /* Back_Button.png */,
			);
			path = Common;
			sourceTree = "<group>";
		};
		7265F0D62533605000C15F67 /* Stage */ = {
			isa = PBXGroup;
			children = (
				7265F0D72533605000C15F67 /* Block_Scroll.png */,
				7265F0D82533605000C15F67 /* ExerciseBook.png */,
				7265F0D92533605000C15F67 /* Black_Board.png */,
				7265F0DA2533605000C15F67 /* Block_BlackBoard.png */,
				7265F0DB2533605000C15F67 /* Makimono.png */,
				7265F0DC2533605000C15F67 /* Block_ExerciseBook.png */,
			);
			path = Stage;
			sourceTree = "<group>";
		};
		72859F6825388A0000EB0AAD /* character */ = {
			isa = PBXGroup;
			children = (
			);
			path = character;
			sourceTree = "<group>";
		};
		72859F6925388A3900EB0AAD /* main */ = {
			isa = PBXGroup;
			children = (
				2C971A57239732F900E66570 /* GameScene.cpp */,
				2C971A59239732F900E66570 /* GameScene.hpp */,
				2C971A5A239732F900E66570 /* TitleScene.cpp */,
				2C971A56239732F900E66570 /* TitleScene.hpp */,
			);
			path = main;
			sourceTree = "<group>";
		};
		72859F6A25388C1200EB0AAD /* ui */ = {
			isa = PBXGroup;
			children = (
				72859F6B25388CA100EB0AAD /* UIComponent.cpp */,
				72859F6C25388CA100EB0AAD /* UIComponent.hpp */,
			);
			path = ui;
			sourceTree = "<group>";
		};
/* End PBXGroup section */

/* Begin PBXNativeTarget section */
		2C1778831CE0A9EA00BB8AD0 /* KANJI */ = {
			isa = PBXNativeTarget;
			buildConfigurationList = 2C1778931CE0A9EA00BB8AD0 /* Build configuration list for PBXNativeTarget "KANJI" */;
			buildPhases = (
				2C1778801CE0A9EA00BB8AD0 /* Sources */,
				2C1778811CE0A9EA00BB8AD0 /* Frameworks */,
				2C1778821CE0A9EA00BB8AD0 /* Resources */,
			);
			buildRules = (
			);
			dependencies = (
			);
			name = KANJI;
			productName = empty;
			productReference = 2C1778841CE0A9EA00BB8AD0 /* KANJI.app */;
			productType = "com.apple.product-type.application";
		};
/* End PBXNativeTarget section */

/* Begin PBXProject section */
		2C17787A1CE0A9D800BB8AD0 /* Project object */ = {
			isa = PBXProject;
			attributes = {
				LastUpgradeCheck = 1020;
				TargetAttributes = {
					2C1778831CE0A9EA00BB8AD0 = {
						CreatedOnToolsVersion = 7.3.1;
					};
				};
			};
			buildConfigurationList = 2C17787D1CE0A9D800BB8AD0 /* Build configuration list for PBXProject "KANJI" */;
			compatibilityVersion = "Xcode 3.2";
			developmentRegion = en;
			hasScannedForEncodings = 0;
			knownRegions = (
				en,
				Base,
			);
			mainGroup = 2C1778791CE0A9D800BB8AD0;
			productRefGroup = 2C1778851CE0A9EA00BB8AD0 /* Products */;
			projectDirPath = "";
			projectRoot = "";
			targets = (
				2C1778831CE0A9EA00BB8AD0 /* KANJI */,
			);
		};
/* End PBXProject section */

/* Begin PBXResourcesBuildPhase section */
		2C1778821CE0A9EA00BB8AD0 /* Resources */ = {
			isa = PBXResourcesBuildPhase;
			buildActionMask = 2147483647;
			files = (
				7265F0F72533605000C15F67 /* Holder_2.png in Resources */,
				7265F0FD2533605000C15F67 /* Index3.png in Resources */,
				7265F0E82533605000C15F67 /* Uchiwamome.png in Resources */,
				7265F0DE2533605000C15F67 /* Kiri.png in Resources */,
				2C6906D82298140F00A427D0 /* engine in Resources */,
				7265F1162533605000C15F67 /* Controller.png in Resources */,
				7265F10C2533605000C15F67 /* Manual5.png in Resources */,
				7265F1232533605000C15F67 /* Block_ExerciseBook.png in Resources */,
				7265F0ED2533605000C15F67 /* Background.png in Resources */,
				7265F1082533605000C15F67 /* Ray.png in Resources */,
				7265F1192533605000C15F67 /* Allow_1.png in Resources */,
				7265F10E2533605000C15F67 /* Manual2.png in Resources */,
				7265F1042533605000C15F67 /* radical_3.png in Resources */,
				7265F11A2533605000C15F67 /* Allow_0.png in Resources */,
				7265F1022533605000C15F67 /* Index1.png in Resources */,
				7265F0F42533605000C15F67 /* IndexBase0.png in Resources */,
				7265F08B2533586E00C15F67 /* azuki.ttf in Resources */,
				7265F0FA2533605000C15F67 /* Holder_3.png in Resources */,
				7265F0F82533605000C15F67 /* IndexBase3.png in Resources */,
				7265F0EE2533605000C15F67 /* NoPlayer.png in Resources */,
				7265F0EA2533605000C15F67 /* Kurui.png in Resources */,
				7265F0F52533605000C15F67 /* IndexBase1.png in Resources */,
				7265F1062533605000C15F67 /* radical_0.png in Resources */,
				7265F1222533605000C15F67 /* Makimono.png in Resources */,
				7265F1202533605000C15F67 /* Black_Board.png in Resources */,
				7265F1072533605000C15F67 /* radical_1.png in Resources */,
				7265F1012533605000C15F67 /* Index0.png in Resources */,
				7265F0E62533605000C15F67 /* Kaminari.png in Resources */,
				7265F0F12533605000C15F67 /* Thumbnail_Shade.png in Resources */,
				7265F0FF2533605000C15F67 /* HP_1.png in Resources */,
				7265F0E32533605000C15F67 /* Hikari.png in Resources */,
				7265F0F92533605000C15F67 /* IndexBase2.png in Resources */,
				7265F1172533605000C15F67 /* Brush.png in Resources */,
				7265F0F62533605000C15F67 /* Holder_0.png in Resources */,
				7265F0F02533605000C15F67 /* Haiboku.png in Resources */,
				7265F0FE2533605000C15F67 /* Index2.png in Resources */,
				7265F11B2533605000C15F67 /* Allow_2.png in Resources */,
				7265F0FC2533605000C15F67 /* HP_0.png in Resources */,
				7265F0EC2533605000C15F67 /* Noroi.png in Resources */,
				7265F0F32533605000C15F67 /* Holder_1.png in Resources */,
				7265F1142533605000C15F67 /* Paralysis.png in Resources */,
				7265F11E2533605000C15F67 /* Block_Scroll.png in Resources */,
				7265F08A2533586E00C15F67 /* KouzanMouhituFontOTF.otf in Resources */,
				7265F0E92533605000C15F67 /* Kobushi.png in Resources */,
				7265F10B2533605000C15F67 /* Manual4.png in Resources */,
				7265F0E12533605000C15F67 /* Katamari.png in Resources */,
				7265F1112533605000C15F67 /* Bg.png in Resources */,
				7265F1102533605000C15F67 /* Logo.png in Resources */,
				7265F0EF2533605000C15F67 /* cursor.png in Resources */,
				7265F1212533605000C15F67 /* Block_BlackBoard.png in Resources */,
				7265F0EB2533605000C15F67 /* Tama.png in Resources */,
				2C1778A31CE0B65500BB8AD0 /* icon.icns in Resources */,
				7265F10F2533605000C15F67 /* Manual3.png in Resources */,
				7265F0E52533605000C15F67 /* Toki.png in Resources */,
				7265F0E22533605000C15F67 /* Tsume.png in Resources */,
				7265F11D2533605000C15F67 /* Back_Button.png in Resources */,
				7265F0E02533605000C15F67 /* Arashi.png in Resources */,
				7265F11F2533605000C15F67 /* ExerciseBook.png in Resources */,
				7265F0E42533605000C15F67 /* Tagane.png in Resources */,
				7265F10D2533605000C15F67 /* Manual1.png in Resources */,
				7265F1122533605000C15F67 /* Embargo.png in Resources */,
				7265F1182533605000C15F67 /* PushCircle.png in Resources */,
				7265F0E72533605000C15F67 /* Komainu.png in Resources */,
				7265F0FB2533605000C15F67 /* PushToJoin.png in Resources */,
				7265F0F22533605000C15F67 /* Chars.png in Resources */,
				7265F1032533605000C15F67 /* HP_2.png in Resources */,
				7265F11C2533605000C15F67 /* Allow_3.png in Resources */,
				7265F1002533605000C15F67 /* HP_3.png in Resources */,
				7265F1052533605000C15F67 /* radical_2.png in Resources */,
				7265F10A2533605000C15F67 /* Manual6.png in Resources */,
				7265F0DD2533605000C15F67 /* Aburi.png in Resources */,
				7265F1092533605000C15F67 /* Message.png in Resources */,
				7265F1152533605000C15F67 /* Back_Button_Pushed.png in Resources */,
				7265F1132533605000C15F67 /* LR_Reverse.png in Resources */,
				7265F0DF2533605000C15F67 /* Hoshi.png in Resources */,
			);
			runOnlyForDeploymentPostprocessing = 0;
		};
/* End PBXResourcesBuildPhase section */

/* Begin PBXSourcesBuildPhase section */
		2C1778801CE0A9EA00BB8AD0 /* Sources */ = {
			isa = PBXSourcesBuildPhase;
			buildActionMask = 2147483647;
			files = (
				7265F0752531E1BF00C15F67 /* SequenceManager.cpp in Sources */,
				7265F07C2531FD6500C15F67 /* DomainGameData.cpp in Sources */,
				7265F0712531DC1D00C15F67 /* AssetManager.cpp in Sources */,
				2C971A5C239732F900E66570 /* TitleScene.cpp in Sources */,
				7265F06F2531DC1D00C15F67 /* ExecutiveManager.cpp in Sources */,
				7265F0672531DC0F00C15F67 /* Singleton.cpp in Sources */,
				2C17789A1CE0AA7C00BB8AD0 /* Main.cpp in Sources */,
				7265F08325320FB000C15F67 /* MainExecutiveManager.cpp in Sources */,
				72859F6D25388CA100EB0AAD /* UIComponent.cpp in Sources */,
				7265F0702531DC1D00C15F67 /* ApplicationManager.cpp in Sources */,
				2C971A5B239732F900E66570 /* GameScene.cpp in Sources */,
			);
			runOnlyForDeploymentPostprocessing = 0;
		};
/* End PBXSourcesBuildPhase section */

/* Begin XCBuildConfiguration section */
		2C17787E1CE0A9D800BB8AD0 /* Debug */ = {
			isa = XCBuildConfiguration;
			buildSettings = {
				CLANG_ANALYZER_LOCALIZABILITY_NONLOCALIZED = YES;
				CLANG_WARN_BLOCK_CAPTURE_AUTORELEASING = YES;
				CLANG_WARN_BOOL_CONVERSION = YES;
				CLANG_WARN_COMMA = YES;
				CLANG_WARN_CONSTANT_CONVERSION = YES;
				CLANG_WARN_DEPRECATED_OBJC_IMPLEMENTATIONS = YES;
				CLANG_WARN_EMPTY_BODY = YES;
				CLANG_WARN_ENUM_CONVERSION = YES;
				CLANG_WARN_INFINITE_RECURSION = YES;
				CLANG_WARN_INT_CONVERSION = YES;
				CLANG_WARN_NON_LITERAL_NULL_CONVERSION = YES;
				CLANG_WARN_OBJC_IMPLICIT_RETAIN_SELF = YES;
				CLANG_WARN_OBJC_LITERAL_CONVERSION = YES;
				CLANG_WARN_RANGE_LOOP_ANALYSIS = YES;
				CLANG_WARN_STRICT_PROTOTYPES = YES;
				CLANG_WARN_SUSPICIOUS_MOVE = YES;
				CLANG_WARN_UNREACHABLE_CODE = YES;
				CLANG_WARN__DUPLICATE_METHOD_MATCH = YES;
				ENABLE_STRICT_OBJC_MSGSEND = YES;
				ENABLE_TESTABILITY = YES;
				GCC_NO_COMMON_BLOCKS = YES;
				GCC_WARN_64_TO_32_BIT_CONVERSION = YES;
				GCC_WARN_ABOUT_RETURN_TYPE = YES;
				GCC_WARN_UNDECLARED_SELECTOR = YES;
				GCC_WARN_UNINITIALIZED_AUTOS = YES;
				GCC_WARN_UNUSED_FUNCTION = YES;
				GCC_WARN_UNUSED_VARIABLE = YES;
				ONLY_ACTIVE_ARCH = YES;
				OTHER_CPLUSPLUSFLAGS = (
					"$(OTHER_CFLAGS)",
					"-std=c++1z",
				);
			};
			name = Debug;
		};
		2C17787F1CE0A9D800BB8AD0 /* Release */ = {
			isa = XCBuildConfiguration;
			buildSettings = {
				CLANG_ANALYZER_LOCALIZABILITY_NONLOCALIZED = YES;
				CLANG_WARN_BLOCK_CAPTURE_AUTORELEASING = YES;
				CLANG_WARN_BOOL_CONVERSION = YES;
				CLANG_WARN_COMMA = YES;
				CLANG_WARN_CONSTANT_CONVERSION = YES;
				CLANG_WARN_DEPRECATED_OBJC_IMPLEMENTATIONS = YES;
				CLANG_WARN_EMPTY_BODY = YES;
				CLANG_WARN_ENUM_CONVERSION = YES;
				CLANG_WARN_INFINITE_RECURSION = YES;
				CLANG_WARN_INT_CONVERSION = YES;
				CLANG_WARN_NON_LITERAL_NULL_CONVERSION = YES;
				CLANG_WARN_OBJC_IMPLICIT_RETAIN_SELF = YES;
				CLANG_WARN_OBJC_LITERAL_CONVERSION = YES;
				CLANG_WARN_RANGE_LOOP_ANALYSIS = YES;
				CLANG_WARN_STRICT_PROTOTYPES = YES;
				CLANG_WARN_SUSPICIOUS_MOVE = YES;
				CLANG_WARN_UNREACHABLE_CODE = YES;
				CLANG_WARN__DUPLICATE_METHOD_MATCH = YES;
				ENABLE_STRICT_OBJC_MSGSEND = YES;
				GCC_NO_COMMON_BLOCKS = YES;
				GCC_WARN_64_TO_32_BIT_CONVERSION = YES;
				GCC_WARN_ABOUT_RETURN_TYPE = YES;
				GCC_WARN_UNDECLARED_SELECTOR = YES;
				GCC_WARN_UNINITIALIZED_AUTOS = YES;
				GCC_WARN_UNUSED_FUNCTION = YES;
				GCC_WARN_UNUSED_VARIABLE = YES;
				OTHER_CPLUSPLUSFLAGS = (
					"$(OTHER_CFLAGS)",
					"-std=c++1z",
				);
			};
			name = Release;
		};
		2C1778941CE0A9EA00BB8AD0 /* Debug */ = {
			isa = XCBuildConfiguration;
			buildSettings = {
				ALWAYS_SEARCH_USER_PATHS = NO;
				ASSETCATALOG_COMPILER_APPICON_NAME = AppIcon;
				CLANG_ANALYZER_NONNULL = YES;
				CLANG_CXX_LANGUAGE_STANDARD = "c++2a";
				CLANG_CXX_LIBRARY = "libc++";
				CLANG_ENABLE_MODULES = YES;
				CLANG_ENABLE_OBJC_ARC = YES;
				CLANG_WARN_BOOL_CONVERSION = YES;
				CLANG_WARN_CONSTANT_CONVERSION = YES;
				CLANG_WARN_DIRECT_OBJC_ISA_USAGE = YES_ERROR;
				CLANG_WARN_EMPTY_BODY = YES;
				CLANG_WARN_ENUM_CONVERSION = YES;
				CLANG_WARN_INT_CONVERSION = YES;
				CLANG_WARN_OBJC_ROOT_CLASS = YES_ERROR;
				CLANG_WARN_UNREACHABLE_CODE = YES;
				CLANG_WARN__DUPLICATE_METHOD_MATCH = YES;
				CODE_SIGN_IDENTITY = "-";
				COMBINE_HIDPI_IMAGES = YES;
				CONFIGURATION_BUILD_DIR = "$(SRCROOT)/App/";
				COPY_PHASE_STRIP = NO;
				DEBUG_INFORMATION_FORMAT = dwarf;
				ENABLE_STRICT_OBJC_MSGSEND = YES;
				ENABLE_TESTABILITY = YES;
				GCC_C_LANGUAGE_STANDARD = gnu99;
				GCC_DYNAMIC_NO_PIC = NO;
				GCC_NO_COMMON_BLOCKS = YES;
				GCC_OPTIMIZATION_LEVEL = 0;
				GCC_PREPROCESSOR_DEFINITIONS = (
					"DEBUG=1",
					"$(inherited)",
				);
				GCC_SYMBOLS_PRIVATE_EXTERN = YES;
				GCC_WARN_64_TO_32_BIT_CONVERSION = YES;
				GCC_WARN_ABOUT_RETURN_TYPE = YES_ERROR;
				GCC_WARN_UNDECLARED_SELECTOR = YES;
				GCC_WARN_UNINITIALIZED_AUTOS = YES_AGGRESSIVE;
				GCC_WARN_UNUSED_FUNCTION = YES;
				GCC_WARN_UNUSED_VARIABLE = YES;
				HEADER_SEARCH_PATHS = (
					../../include,
					../../include/ThirdParty,
				);
				INFOPLIST_FILE = Info.plist;
				LD_RUNPATH_SEARCH_PATHS = "$(inherited) @executable_path/../Frameworks";
				LIBRARY_SEARCH_PATHS = (
					../../lib/macOS,
					../../lib/macOS/boost,
					../../lib/macOS/freetype,
					../../lib/macOS/glew,
					../../lib/macOS/harfbuzz,
					../../lib/macOS/libgif,
					"../../lib/macOS/libjpeg-turbo",
					../../lib/macOS/libogg,
					../../lib/macOS/libpng,
					../../lib/macOS/libwebp,
					../../lib/macOS/libvorbis,
					../../lib/macOS/opencv,
					../../lib/macOS/zlib,
				);
				MACOSX_DEPLOYMENT_TARGET = 10.14;
				MTL_ENABLE_DEBUG_INFO = YES;
				ONLY_ACTIVE_ARCH = YES;
				OTHER_CPLUSPLUSFLAGS = (
					"$(OTHER_CFLAGS)",
					"-fvisibility=hidden",
				);
				PRODUCT_BUNDLE_IDENTIFIER = game.siv3d;
				PRODUCT_NAME = "$(TARGET_NAME)";
				SDKROOT = macosx;
			};
			name = Debug;
		};
		2C1778951CE0A9EA00BB8AD0 /* Release */ = {
			isa = XCBuildConfiguration;
			buildSettings = {
				ALWAYS_SEARCH_USER_PATHS = NO;
				ASSETCATALOG_COMPILER_APPICON_NAME = AppIcon;
				CLANG_ANALYZER_NONNULL = YES;
				CLANG_CXX_LANGUAGE_STANDARD = "c++2a";
				CLANG_CXX_LIBRARY = "libc++";
				CLANG_ENABLE_MODULES = YES;
				CLANG_ENABLE_OBJC_ARC = YES;
				CLANG_WARN_BOOL_CONVERSION = YES;
				CLANG_WARN_CONSTANT_CONVERSION = YES;
				CLANG_WARN_DIRECT_OBJC_ISA_USAGE = YES_ERROR;
				CLANG_WARN_EMPTY_BODY = YES;
				CLANG_WARN_ENUM_CONVERSION = YES;
				CLANG_WARN_INT_CONVERSION = YES;
				CLANG_WARN_OBJC_ROOT_CLASS = YES_ERROR;
				CLANG_WARN_UNREACHABLE_CODE = YES;
				CLANG_WARN__DUPLICATE_METHOD_MATCH = YES;
				CODE_SIGN_IDENTITY = "-";
				COMBINE_HIDPI_IMAGES = YES;
				CONFIGURATION_BUILD_DIR = "$(SRCROOT)/App/";
				COPY_PHASE_STRIP = NO;
				DEBUG_INFORMATION_FORMAT = "dwarf-with-dsym";
				ENABLE_NS_ASSERTIONS = NO;
				ENABLE_STRICT_OBJC_MSGSEND = YES;
				GCC_C_LANGUAGE_STANDARD = gnu99;
				GCC_NO_COMMON_BLOCKS = YES;
				GCC_SYMBOLS_PRIVATE_EXTERN = YES;
				GCC_WARN_64_TO_32_BIT_CONVERSION = YES;
				GCC_WARN_ABOUT_RETURN_TYPE = YES_ERROR;
				GCC_WARN_UNDECLARED_SELECTOR = YES;
				GCC_WARN_UNINITIALIZED_AUTOS = YES_AGGRESSIVE;
				GCC_WARN_UNUSED_FUNCTION = YES;
				GCC_WARN_UNUSED_VARIABLE = YES;
				HEADER_SEARCH_PATHS = (
					../../include,
					../../include/ThirdParty,
				);
				INFOPLIST_FILE = Info.plist;
				LD_RUNPATH_SEARCH_PATHS = "$(inherited) @executable_path/../Frameworks";
				LIBRARY_SEARCH_PATHS = (
					../../lib/macOS,
					../../lib/macOS/boost,
					../../lib/macOS/freetype,
					../../lib/macOS/glew,
					../../lib/macOS/harfbuzz,
					../../lib/macOS/libgif,
					"../../lib/macOS/libjpeg-turbo",
					../../lib/macOS/libogg,
					../../lib/macOS/libpng,
					../../lib/macOS/libwebp,
					../../lib/macOS/libvorbis,
					../../lib/macOS/opencv,
					../../lib/macOS/zlib,
				);
				MACOSX_DEPLOYMENT_TARGET = 10.14;
				MTL_ENABLE_DEBUG_INFO = NO;
				OTHER_CPLUSPLUSFLAGS = (
					"$(OTHER_CFLAGS)",
					"-fvisibility=hidden",
				);
				PRODUCT_BUNDLE_IDENTIFIER = game.siv3d;
				PRODUCT_NAME = "$(TARGET_NAME)";
				SDKROOT = macosx;
			};
			name = Release;
		};
/* End XCBuildConfiguration section */

/* Begin XCConfigurationList section */
		2C17787D1CE0A9D800BB8AD0 /* Build configuration list for PBXProject "KANJI" */ = {
			isa = XCConfigurationList;
			buildConfigurations = (
				2C17787E1CE0A9D800BB8AD0 /* Debug */,
				2C17787F1CE0A9D800BB8AD0 /* Release */,
			);
			defaultConfigurationIsVisible = 0;
			defaultConfigurationName = Release;
		};
		2C1778931CE0A9EA00BB8AD0 /* Build configuration list for PBXNativeTarget "KANJI" */ = {
			isa = XCConfigurationList;
			buildConfigurations = (
				2C1778941CE0A9EA00BB8AD0 /* Debug */,
				2C1778951CE0A9EA00BB8AD0 /* Release */,
			);
			defaultConfigurationIsVisible = 0;
			defaultConfigurationName = Release;
		};
/* End XCConfigurationList section */
	};
	rootObject = 2C17787A1CE0A9D800BB8AD0 /* Project object */;
}
